
Microsoft Visual Studio Solution File, Format Version 12.00
# Visual Studio 15
VisualStudioVersion = 15.0.27428.2037
MinimumVisualStudioVersion = 10.0.40219.1
Project("{FAE04EC0-301F-11D3-BF4B-00C04F79EFBC}") = "HumanFactor", "PdfParser\HumanFactor.csproj", "{EC6DB659-6276-4203-A9C6-6EADEDCFEE60}"
EndProject
Global
	GlobalSection(SolutionConfigurationPlatforms) = preSolution
		Debug|Any CPU = Debug|Any CPU
		Release|Any CPU = Release|Any CPU
	EndGlobalSection
	GlobalSection(ProjectConfigurationPlatforms) = postSolution
		{EC6DB659-6276-4203-A9C6-6EADEDCFEE60}.Debug|Any CPU.ActiveCfg = Debug|Any CPU
		{EC6DB659-6276-4203-A9C6-6EADEDCFEE60}.Debug|Any CPU.Build.0 = Debug|Any CPU
		{EC6DB659-6276-4203-A9C6-6EADEDCFEE60}.Release|Any CPU.ActiveCfg = Release|Any CPU
		{EC6DB659-6276-4203-A9C6-6EADEDCFEE60}.Release|Any CPU.Build.0 = Release|Any CPU
	EndGlobalSection
	GlobalSection(SolutionProperties) = preSolution
		HideSolutionNode = FALSE
	EndGlobalSection
	GlobalSection(ExtensibilityGlobals) = postSolution
		SolutionGuid = {F5900216-12EE-49A7-95AD-85F9006B0E93}
	EndGlobalSection
EndGlobal
